
Microsoft Visual Studio Solution File, Format Version 12.00
# Visual Studio Version 17
VisualStudioVersion = 17.3.32819.101
MinimumVisualStudioVersion = 10.0.40219.1
Project("{8BC9CEB8-8B4A-11D0-8D11-00A0C91BC942}") = "两个栈实现一个队列", "两个栈实现一个队列\两个栈实现一个队列.vcxproj", "{688ACA95-9056-4EA6-A1D5-073CE67AADE4}"
EndProject
Global
	GlobalSection(SolutionConfigurationPlatforms) = preSolution
		Debug|x64 = Debug|x64
		Debug|x86 = Debug|x86
		Release|x64 = Release|x64
		Release|x86 = Release|x86
	EndGlobalSection
	GlobalSection(ProjectConfigurationPlatforms) = postSolution
		{688ACA95-9056-4EA6-A1D5-073CE67AADE4}.Debug|x64.ActiveCfg = Debug|x64
		{688ACA95-9056-4EA6-A1D5-073CE67AADE4}.Debug|x64.Build.0 = Debug|x64
		{688ACA95-9056-4EA6-A1D5-073CE67AADE4}.Debug|x86.ActiveCfg = Debug|Win32
		{688ACA95-9056-4EA6-A1D5-073CE67AADE4}.Debug|x86.Build.0 = Debug|Win32
		{688ACA95-9056-4EA6-A1D5-073CE67AADE4}.Release|x64.ActiveCfg = Release|x64
		{688ACA95-9056-4EA6-A1D5-073CE67AADE4}.Release|x64.Build.0 = Release|x64
		{688ACA95-9056-4EA6-A1D5-073CE67AADE4}.Release|x86.ActiveCfg = Release|Win32
		{688ACA95-9056-4EA6-A1D5-073CE67AADE4}.Release|x86.Build.0 = Release|Win32
	EndGlobalSection
	GlobalSection(SolutionProperties) = preSolution
		HideSolutionNode = FALSE
	EndGlobalSection
	GlobalSection(ExtensibilityGlobals) = postSolution
		SolutionGuid = {F85C09BB-B472-4969-BC7B-0CB44E9A2E41}
	EndGlobalSection
EndGlobal
